
Microsoft Visual Studio Solution File, Format Version 12.00
# Visual Studio Version 16
VisualStudioVersion = 16.0.30320.27
MinimumVisualStudioVersion = 10.0.40219.1
Project("{FAE04EC0-301F-11D3-BF4B-00C04F79EFBC}") = "MainApp", "MainApp\MainApp.csproj", "{DF96B51D-CEA3-4133-B728-1CD33246F5EC}"
EndProject
Global
	GlobalSection(SolutionConfigurationPlatforms) = preSolution
		Debug|Any CPU = Debug|Any CPU
		Release|Any CPU = Release|Any CPU
	EndGlobalSection
	GlobalSection(ProjectConfigurationPlatforms) = postSolution
		{DF96B51D-CEA3-4133-B728-1CD33246F5EC}.Debug|Any CPU.ActiveCfg = Debug|Any CPU
		{DF96B51D-CEA3-4133-B728-1CD33246F5EC}.Debug|Any CPU.Build.0 = Debug|Any CPU
		{DF96B51D-CEA3-4133-B728-1CD33246F5EC}.Release|Any CPU.ActiveCfg = Release|Any CPU
		{DF96B51D-CEA3-4133-B728-1CD33246F5EC}.Release|Any CPU.Build.0 = Release|Any CPU
	EndGlobalSection
	GlobalSection(SolutionProperties) = preSolution
		HideSolutionNode = FALSE
	EndGlobalSection
	GlobalSection(ExtensibilityGlobals) = postSolution
		SolutionGuid = {CECAB23F-FC88-4B2C-B1E7-9B436A9CC136}
	EndGlobalSection
EndGlobal
