
Microsoft Visual Studio Solution File, Format Version 12.00
# Visual Studio Version 16
VisualStudioVersion = 16.0.30320.27
MinimumVisualStudioVersion = 10.0.40219.1
Project("{FAE04EC0-301F-11D3-BF4B-00C04F79EFBC}") = "IncDecOperator", "IncDecOperator\IncDecOperator.csproj", "{35085739-B2A3-4063-A4E4-DD903D309C93}"
EndProject
Global
	GlobalSection(SolutionConfigurationPlatforms) = preSolution
		Debug|Any CPU = Debug|Any CPU
		Release|Any CPU = Release|Any CPU
	EndGlobalSection
	GlobalSection(ProjectConfigurationPlatforms) = postSolution
		{35085739-B2A3-4063-A4E4-DD903D309C93}.Debug|Any CPU.ActiveCfg = Debug|Any CPU
		{35085739-B2A3-4063-A4E4-DD903D309C93}.Debug|Any CPU.Build.0 = Debug|Any CPU
		{35085739-B2A3-4063-A4E4-DD903D309C93}.Release|Any CPU.ActiveCfg = Release|Any CPU
		{35085739-B2A3-4063-A4E4-DD903D309C93}.Release|Any CPU.Build.0 = Release|Any CPU
	EndGlobalSection
	GlobalSection(SolutionProperties) = preSolution
		HideSolutionNode = FALSE
	EndGlobalSection
	GlobalSection(ExtensibilityGlobals) = postSolution
		SolutionGuid = {12428647-E6D6-4437-A986-8AD9C47D7EDF}
	EndGlobalSection
EndGlobal
