
Microsoft Visual Studio Solution File, Format Version 12.00
# Visual Studio Version 16
VisualStudioVersion = 16.0.30320.27
MinimumVisualStudioVersion = 10.0.40219.1
Project("{FAE04EC0-301F-11D3-BF4B-00C04F79EFBC}") = "IntegralTypes", "IntegralTypes\IntegralTypes.csproj", "{F43E020A-91BD-4AF9-93FE-122618574806}"
EndProject
Global
	GlobalSection(SolutionConfigurationPlatforms) = preSolution
		Debug|Any CPU = Debug|Any CPU
		Release|Any CPU = Release|Any CPU
	EndGlobalSection
	GlobalSection(ProjectConfigurationPlatforms) = postSolution
		{F43E020A-91BD-4AF9-93FE-122618574806}.Debug|Any CPU.ActiveCfg = Debug|Any CPU
		{F43E020A-91BD-4AF9-93FE-122618574806}.Debug|Any CPU.Build.0 = Debug|Any CPU
		{F43E020A-91BD-4AF9-93FE-122618574806}.Release|Any CPU.ActiveCfg = Release|Any CPU
		{F43E020A-91BD-4AF9-93FE-122618574806}.Release|Any CPU.Build.0 = Release|Any CPU
	EndGlobalSection
	GlobalSection(SolutionProperties) = preSolution
		HideSolutionNode = FALSE
	EndGlobalSection
	GlobalSection(ExtensibilityGlobals) = postSolution
		SolutionGuid = {80976102-33FB-4A40-AC5D-97CE8A7CBC6E}
	EndGlobalSection
EndGlobal
