
Microsoft Visual Studio Solution File, Format Version 12.00
# Visual Studio Version 16
VisualStudioVersion = 16.0.30320.27
MinimumVisualStudioVersion = 10.0.40219.1
Project("{FAE04EC0-301F-11D3-BF4B-00C04F79EFBC}") = "FloatingPoint", "FloatingPoint\FloatingPoint.csproj", "{B4C9D8B4-BABC-4522-A518-4DC5FF82CCCA}"
EndProject
Global
	GlobalSection(SolutionConfigurationPlatforms) = preSolution
		Debug|Any CPU = Debug|Any CPU
		Release|Any CPU = Release|Any CPU
	EndGlobalSection
	GlobalSection(ProjectConfigurationPlatforms) = postSolution
		{B4C9D8B4-BABC-4522-A518-4DC5FF82CCCA}.Debug|Any CPU.ActiveCfg = Debug|Any CPU
		{B4C9D8B4-BABC-4522-A518-4DC5FF82CCCA}.Debug|Any CPU.Build.0 = Debug|Any CPU
		{B4C9D8B4-BABC-4522-A518-4DC5FF82CCCA}.Release|Any CPU.ActiveCfg = Release|Any CPU
		{B4C9D8B4-BABC-4522-A518-4DC5FF82CCCA}.Release|Any CPU.Build.0 = Release|Any CPU
	EndGlobalSection
	GlobalSection(SolutionProperties) = preSolution
		HideSolutionNode = FALSE
	EndGlobalSection
	GlobalSection(ExtensibilityGlobals) = postSolution
		SolutionGuid = {7088318E-B858-4772-8698-D145645AA923}
	EndGlobalSection
EndGlobal
